// !$*UTF8*$!
{
	archiveVersion = 1;
	classes = {
	};
	objectVersion = 50;
	objects = {

/* Begin PBXBuildFile section */
		52DD5487259C163E0017B492 /* AppDelegate.swift in Sources */ = {isa = PBXBuildFile; fileRef = 52DD5486259C163E0017B492 /* AppDelegate.swift */; };
		52DD5489259C163E0017B492 /* SceneDelegate.swift in Sources */ = {isa = PBXBuildFile; fileRef = 52DD5488259C163E0017B492 /* SceneDelegate.swift */; };
		52DD548B259C163E0017B492 /* MainView.swift in Sources */ = {isa = PBXBuildFile; fileRef = 52DD548A259C163E0017B492 /* MainView.swift */; };
		52DD548E259C163E0017B492 /* Main.storyboard in Resources */ = {isa = PBXBuildFile; fileRef = 52DD548C259C163E0017B492 /* Main.storyboard */; };
		52DD5490259C16400017B492 /* Assets.xcassets in Resources */ = {isa = PBXBuildFile; fileRef = 52DD548F259C16400017B492 /* Assets.xcassets */; };
		52DD5493259C16400017B492 /* LaunchScreen.storyboard in Resources */ = {isa = PBXBuildFile; fileRef = 52DD5491259C16400017B492 /* LaunchScreen.storyboard */; };
		52DD549E259C16400017B492 /* Shopping_ListTests.swift in Sources */ = {isa = PBXBuildFile; fileRef = 52DD549D259C16400017B492 /* Shopping_ListTests.swift */; };
		52DD54A9259C16400017B492 /* Shopping_ListUITests.swift in Sources */ = {isa = PBXBuildFile; fileRef = 52DD54A8259C16400017B492 /* Shopping_ListUITests.swift */; };
/* End PBXBuildFile section */

/* Begin PBXContainerItemProxy section */
		52DD549A259C16400017B492 /* PBXContainerItemProxy */ = {
			isa = PBXContainerItemProxy;
			containerPortal = 52DD547B259C163E0017B492 /* Project object */;
			proxyType = 1;
			remoteGlobalIDString = 52DD5482259C163E0017B492;
			remoteInfo = "Shopping List";
		};
		52DD54A5259C16400017B492 /* PBXContainerItemProxy */ = {
			isa = PBXContainerItemProxy;
			containerPortal = 52DD547B259C163E0017B492 /* Project object */;
			proxyType = 1;
			remoteGlobalIDString = 52DD5482259C163E0017B492;
			remoteInfo = "Shopping List";
		};
/* End PBXContainerItemProxy section */

/* Begin PBXFileReference section */
		52DD5483259C163E0017B492 /* Shopping List.app */ = {isa = PBXFileReference; explicitFileType = wrapper.application; includeInIndex = 0; path = "Shopping List.app"; sourceTree = BUILT_PRODUCTS_DIR; };
		52DD5486259C163E0017B492 /* AppDelegate.swift */ = {isa = PBXFileReference; lastKnownFileType = sourcecode.swift; path = AppDelegate.swift; sourceTree = "<group>"; };
		52DD5488259C163E0017B492 /* SceneDelegate.swift */ = {isa = PBXFileReference; lastKnownFileType = sourcecode.swift; path = SceneDelegate.swift; sourceTree = "<group>"; };
		52DD548A259C163E0017B492 /* MainView.swift */ = {isa = PBXFileReference; lastKnownFileType = sourcecode.swift; path = MainView.swift; sourceTree = "<group>"; };
		52DD548D259C163E0017B492 /* Base */ = {isa = PBXFileReference; lastKnownFileType = file.storyboard; name = Base; path = Base.lproj/Main.storyboard; sourceTree = "<group>"; };
		52DD548F259C16400017B492 /* Assets.xcassets */ = {isa = PBXFileReference; lastKnownFileType = folder.assetcatalog; path = Assets.xcassets; sourceTree = "<group>"; };
		52DD5492259C16400017B492 /* Base */ = {isa = PBXFileReference; lastKnownFileType = file.storyboard; name = Base; path = Base.lproj/LaunchScreen.storyboard; sourceTree = "<group>"; };
		52DD5494259C16400017B492 /* Info.plist */ = {isa = PBXFileReference; lastKnownFileType = text.plist.xml; path = Info.plist; sourceTree = "<group>"; };
		52DD5499259C16400017B492 /* Shopping ListTests.xctest */ = {isa = PBXFileReference; explicitFileType = wrapper.cfbundle; includeInIndex = 0; path = "Shopping ListTests.xctest"; sourceTree = BUILT_PRODUCTS_DIR; };
		52DD549D259C16400017B492 /* Shopping_ListTests.swift */ = {isa = PBXFileReference; lastKnownFileType = sourcecode.swift; path = Shopping_ListTests.swift; sourceTree = "<group>"; };
		52DD549F259C16400017B492 /* Info.plist */ = {isa = PBXFileReference; lastKnownFileType = text.plist.xml; path = Info.plist; sourceTree = "<group>"; };
		52DD54A4259C16400017B492 /* Shopping ListUITests.xctest */ = {isa = PBXFileReference; explicitFileType = wrapper.cfbundle; includeInIndex = 0; path = "Shopping ListUITests.xctest"; sourceTree = BUILT_PRODUCTS_DIR; };
		52DD54A8259C16400017B492 /* Shopping_ListUITests.swift */ = {isa = PBXFileReference; lastKnownFileType = sourcecode.swift; path = Shopping_ListUITests.swift; sourceTree = "<group>"; };
		52DD54AA259C16400017B492 /* Info.plist */ = {isa = PBXFileReference; lastKnownFileType = text.plist.xml; path = Info.plist; sourceTree = "<group>"; };
/* End PBXFileReference section */

/* Begin PBXFrameworksBuildPhase section */
		52DD5480259C163E0017B492 /* Frameworks */ = {
			isa = PBXFrameworksBuildPhase;
			buildActionMask = 2147483647;
			files = (
			);
			runOnlyForDeploymentPostprocessing = 0;
		};
		52DD5496259C16400017B492 /* Frameworks */ = {
			isa = PBXFrameworksBuildPhase;
			buildActionMask = 2147483647;
			files = (
			);
			runOnlyForDeploymentPostprocessing = 0;
		};
		52DD54A1259C16400017B492 /* Frameworks */ = {
			isa = PBXFrameworksBuildPhase;
			buildActionMask = 2147483647;
			files = (
			);
			runOnlyForDeploymentPostprocessing = 0;
		};
/* End PBXFrameworksBuildPhase section */

/* Begin PBXGroup section */
		52DD547A259C163E0017B492 = {
			isa = PBXGroup;
			children = (
				52DD5485259C163E0017B492 /* Shopping List */,
				52DD549C259C16400017B492 /* Shopping ListTests */,
				52DD54A7259C16400017B492 /* Shopping ListUITests */,
				52DD5484259C163E0017B492 /* Products */,
			);
			sourceTree = "<group>";
		};
		52DD5484259C163E0017B492 /* Products */ = {
			isa = PBXGroup;
			children = (
				52DD5483259C163E0017B492 /* Shopping List.app */,
				52DD5499259C16400017B492 /* Shopping ListTests.xctest */,
				52DD54A4259C16400017B492 /* Shopping ListUITests.xctest */,
			);
			name = Products;
			sourceTree = "<group>";
		};
		52DD5485259C163E0017B492 /* Shopping List */ = {
			isa = PBXGroup;
			children = (
				52DD5486259C163E0017B492 /* AppDelegate.swift */,
				52DD5488259C163E0017B492 /* SceneDelegate.swift */,
				52DD548A259C163E0017B492 /* MainView.swift */,
				52DD548C259C163E0017B492 /* Main.storyboard */,
				52DD548F259C16400017B492 /* Assets.xcassets */,
				52DD5491259C16400017B492 /* LaunchScreen.storyboard */,
				52DD5494259C16400017B492 /* Info.plist */,
			);
			path = "Shopping List";
			sourceTree = "<group>";
		};
		52DD549C259C16400017B492 /* Shopping ListTests */ = {
			isa = PBXGroup;
			children = (
				52DD549D259C16400017B492 /* Shopping_ListTests.swift */,
				52DD549F259C16400017B492 /* Info.plist */,
			);
			path = "Shopping ListTests";
			sourceTree = "<group>";
		};
		52DD54A7259C16400017B492 /* Shopping ListUITests */ = {
			isa = PBXGroup;
			children = (
				52DD54A8259C16400017B492 /* Shopping_ListUITests.swift */,
				52DD54AA259C16400017B492 /* Info.plist */,
			);
			path = "Shopping ListUITests";
			sourceTree = "<group>";
		};
/* End PBXGroup section */

/* Begin PBXNativeTarget section */
		52DD5482259C163E0017B492 /* Shopping List */ = {
			isa = PBXNativeTarget;
			buildConfigurationList = 52DD54AD259C16400017B492 /* Build configuration list for PBXNativeTarget "Shopping List" */;
			buildPhases = (
				52DD547F259C163E0017B492 /* Sources */,
				52DD5480259C163E0017B492 /* Frameworks */,
				52DD5481259C163E0017B492 /* Resources */,
			);
			buildRules = (
			);
			dependencies = (
			);
			name = "Shopping List";
			productName = "Shopping List";
			productReference = 52DD5483259C163E0017B492 /* Shopping List.app */;
			productType = "com.apple.product-type.application";
		};
		52DD5498259C16400017B492 /* Shopping ListTests */ = {
			isa = PBXNativeTarget;
			buildConfigurationList = 52DD54B0259C16400017B492 /* Build configuration list for PBXNativeTarget "Shopping ListTests" */;
			buildPhases = (
				52DD5495259C16400017B492 /* Sources */,
				52DD5496259C16400017B492 /* Frameworks */,
				52DD5497259C16400017B492 /* Resources */,
			);
			buildRules = (
			);
			dependencies = (
				52DD549B259C16400017B492 /* PBXTargetDependency */,
			);
			name = "Shopping ListTests";
			productName = "Shopping ListTests";
			productReference = 52DD5499259C16400017B492 /* Shopping ListTests.xctest */;
			productType = "com.apple.product-type.bundle.unit-test";
		};
		52DD54A3259C16400017B492 /* Shopping ListUITests */ = {
			isa = PBXNativeTarget;
			buildConfigurationList = 52DD54B3259C16400017B492 /* Build configuration list for PBXNativeTarget "Shopping ListUITests" */;
			buildPhases = (
				52DD54A0259C16400017B492 /* Sources */,
				52DD54A1259C16400017B492 /* Frameworks */,
				52DD54A2259C16400017B492 /* Resources */,
			);
			buildRules = (
			);
			dependencies = (
				52DD54A6259C16400017B492 /* PBXTargetDependency */,
			);
			name = "Shopping ListUITests";
			productName = "Shopping ListUITests";
			productReference = 52DD54A4259C16400017B492 /* Shopping ListUITests.xctest */;
			productType = "com.apple.product-type.bundle.ui-testing";
		};
/* End PBXNativeTarget section */

/* Begin PBXProject section */
		52DD547B259C163E0017B492 /* Project object */ = {
			isa = PBXProject;
			attributes = {
				LastSwiftUpdateCheck = 1230;
				LastUpgradeCheck = 1230;
				TargetAttributes = {
					52DD5482259C163E0017B492 = {
						CreatedOnToolsVersion = 12.3;
					};
					52DD5498259C16400017B492 = {
						CreatedOnToolsVersion = 12.3;
						TestTargetID = 52DD5482259C163E0017B492;
					};
					52DD54A3259C16400017B492 = {
						CreatedOnToolsVersion = 12.3;
						TestTargetID = 52DD5482259C163E0017B492;
					};
				};
			};
			buildConfigurationList = 52DD547E259C163E0017B492 /* Build configuration list for PBXProject "Shopping List" */;
			compatibilityVersion = "Xcode 9.3";
			developmentRegion = en;
			hasScannedForEncodings = 0;
			knownRegions = (
				en,
				Base,
			);
			mainGroup = 52DD547A259C163E0017B492;
			productRefGroup = 52DD5484259C163E0017B492 /* Products */;
			projectDirPath = "";
			projectRoot = "";
			targets = (
				52DD5482259C163E0017B492 /* Shopping List */,
				52DD5498259C16400017B492 /* Shopping ListTests */,
				52DD54A3259C16400017B492 /* Shopping ListUITests */,
			);
		};
/* End PBXProject section */

/* Begin PBXResourcesBuildPhase section */
		52DD5481259C163E0017B492 /* Resources */ = {
			isa = PBXResourcesBuildPhase;
			buildActionMask = 2147483647;
			files = (
				52DD5493259C16400017B492 /* LaunchScreen.storyboard in Resources */,
				52DD5490259C16400017B492 /* Assets.xcassets in Resources */,
				52DD548E259C163E0017B492 /* Main.storyboard in Resources */,
			);
			runOnlyForDeploymentPostprocessing = 0;
		};
		52DD5497259C16400017B492 /* Resources */ = {
			isa = PBXResourcesBuildPhase;
			buildActionMask = 2147483647;
			files = (
			);
			runOnlyForDeploymentPostprocessing = 0;
		};
		52DD54A2259C16400017B492 /* Resources */ = {
			isa = PBXResourcesBuildPhase;
			buildActionMask = 2147483647;
			files = (
			);
			runOnlyForDeploymentPostprocessing = 0;
		};
/* End PBXResourcesBuildPhase section */

/* Begin PBXSourcesBuildPhase section */
		52DD547F259C163E0017B492 /* Sources */ = {
			isa = PBXSourcesBuildPhase;
			buildActionMask = 2147483647;
			files = (
				52DD548B259C163E0017B492 /* MainView.swift in Sources */,
				52DD5487259C163E0017B492 /* AppDelegate.swift in Sources */,
				52DD5489259C163E0017B492 /* SceneDelegate.swift in Sources */,
			);
			runOnlyForDeploymentPostprocessing = 0;
		};
		52DD5495259C16400017B492 /* Sources */ = {
			isa = PBXSourcesBuildPhase;
			buildActionMask = 2147483647;
			files = (
				52DD549E259C16400017B492 /* Shopping_ListTests.swift in Sources */,
			);
			runOnlyForDeploymentPostprocessing = 0;
		};
		52DD54A0259C16400017B492 /* Sources */ = {
			isa = PBXSourcesBuildPhase;
			buildActionMask = 2147483647;
			files = (
				52DD54A9259C16400017B492 /* Shopping_ListUITests.swift in Sources */,
			);
			runOnlyForDeploymentPostprocessing = 0;
		};
/* End PBXSourcesBuildPhase section */

/* Begin PBXTargetDependency section */
		52DD549B259C16400017B492 /* PBXTargetDependency */ = {
			isa = PBXTargetDependency;
			target = 52DD5482259C163E0017B492 /* Shopping List */;
			targetProxy = 52DD549A259C16400017B492 /* PBXContainerItemProxy */;
		};
		52DD54A6259C16400017B492 /* PBXTargetDependency */ = {
			isa = PBXTargetDependency;
			target = 52DD5482259C163E0017B492 /* Shopping List */;
			targetProxy = 52DD54A5259C16400017B492 /* PBXContainerItemProxy */;
		};
/* End PBXTargetDependency section */

/* Begin PBXVariantGroup section */
		52DD548C259C163E0017B492 /* Main.storyboard */ = {
			isa = PBXVariantGroup;
			children = (
				52DD548D259C163E0017B492 /* Base */,
			);
			name = Main.storyboard;
			sourceTree = "<group>";
		};
		52DD5491259C16400017B492 /* LaunchScreen.storyboard */ = {
			isa = PBXVariantGroup;
			children = (
				52DD5492259C16400017B492 /* Base */,
			);
			name = LaunchScreen.storyboard;
			sourceTree = "<group>";
		};
/* End PBXVariantGroup section */

/* Begin XCBuildConfiguration section */
		52DD54AB259C16400017B492 /* Debug */ = {
			isa = XCBuildConfiguration;
			buildSettings = {
				ALWAYS_SEARCH_USER_PATHS = NO;
				CLANG_ANALYZER_NONNULL = YES;
				CLANG_ANALYZER_NUMBER_OBJECT_CONVERSION = YES_AGGRESSIVE;
				CLANG_CXX_LANGUAGE_STANDARD = "gnu++14";
				CLANG_CXX_LIBRARY = "libc++";
				CLANG_ENABLE_MODULES = YES;
				CLANG_ENABLE_OBJC_ARC = YES;
				CLANG_ENABLE_OBJC_WEAK = YES;
				CLANG_WARN_BLOCK_CAPTURE_AUTORELEASING = YES;
				CLANG_WARN_BOOL_CONVERSION = YES;
				CLANG_WARN_COMMA = YES;
				CLANG_WARN_CONSTANT_CONVERSION = YES;
				CLANG_WARN_DEPRECATED_OBJC_IMPLEMENTATIONS = YES;
				CLANG_WARN_DIRECT_OBJC_ISA_USAGE = YES_ERROR;
				CLANG_WARN_DOCUMENTATION_COMMENTS = YES;
				CLANG_WARN_EMPTY_BODY = YES;
				CLANG_WARN_ENUM_CONVERSION = YES;
				CLANG_WARN_INFINITE_RECURSION = YES;
				CLANG_WARN_INT_CONVERSION = YES;
				CLANG_WARN_NON_LITERAL_NULL_CONVERSION = YES;
				CLANG_WARN_OBJC_IMPLICIT_RETAIN_SELF = YES;
				CLANG_WARN_OBJC_LITERAL_CONVERSION = YES;
				CLANG_WARN_OBJC_ROOT_CLASS = YES_ERROR;
				CLANG_WARN_QUOTED_INCLUDE_IN_FRAMEWORK_HEADER = YES;
				CLANG_WARN_RANGE_LOOP_ANALYSIS = YES;
				CLANG_WARN_STRICT_PROTOTYPES = YES;
				CLANG_WARN_SUSPICIOUS_MOVE = YES;
				CLANG_WARN_UNGUARDED_AVAILABILITY = YES_AGGRESSIVE;
				CLANG_WARN_UNREACHABLE_CODE = YES;
				CLANG_WARN__DUPLICATE_METHOD_MATCH = YES;
				COPY_PHASE_STRIP = NO;
				DEBUG_INFORMATION_FORMAT = dwarf;
				ENABLE_STRICT_OBJC_MSGSEND = YES;
				ENABLE_TESTABILITY = YES;
				GCC_C_LANGUAGE_STANDARD = gnu11;
				GCC_DYNAMIC_NO_PIC = NO;
				GCC_NO_COMMON_BLOCKS = YES;
				GCC_OPTIMIZATION_LEVEL = 0;
				GCC_PREPROCESSOR_DEFINITIONS = (
					"DEBUG=1",
					"$(inherited)",
				);
				GCC_WARN_64_TO_32_BIT_CONVERSION = YES;
				GCC_WARN_ABOUT_RETURN_TYPE = YES_ERROR;
				GCC_WARN_UNDECLARED_SELECTOR = YES;
				GCC_WARN_UNINITIALIZED_AUTOS = YES_AGGRESSIVE;
				GCC_WARN_UNUSED_FUNCTION = YES;
				GCC_WARN_UNUSED_VARIABLE = YES;
				IPHONEOS_DEPLOYMENT_TARGET = 14.3;
				MTL_ENABLE_DEBUG_INFO = INCLUDE_SOURCE;
				MTL_FAST_MATH = YES;
				ONLY_ACTIVE_ARCH = YES;
				SDKROOT = iphoneos;
				SWIFT_ACTIVE_COMPILATION_CONDITIONS = DEBUG;
				SWIFT_OPTIMIZATION_LEVEL = "-Onone";
			};
			name = Debug;
		};
		52DD54AC259C16400017B492 /* Release */ = {
			isa = XCBuildConfiguration;
			buildSettings = {
				ALWAYS_SEARCH_USER_PATHS = NO;
				CLANG_ANALYZER_NONNULL = YES;
				CLANG_ANALYZER_NUMBER_OBJECT_CONVERSION = YES_AGGRESSIVE;
				CLANG_CXX_LANGUAGE_STANDARD = "gnu++14";
				CLANG_CXX_LIBRARY = "libc++";
				CLANG_ENABLE_MODULES = YES;
				CLANG_ENABLE_OBJC_ARC = YES;
				CLANG_ENABLE_OBJC_WEAK = YES;
				CLANG_WARN_BLOCK_CAPTURE_AUTORELEASING = YES;
				CLANG_WARN_BOOL_CONVERSION = YES;
				CLANG_WARN_COMMA = YES;
				CLANG_WARN_CONSTANT_CONVERSION = YES;
				CLANG_WARN_DEPRECATED_OBJC_IMPLEMENTATIONS = YES;
				CLANG_WARN_DIRECT_OBJC_ISA_USAGE = YES_ERROR;
				CLANG_WARN_DOCUMENTATION_COMMENTS = YES;
				CLANG_WARN_EMPTY_BODY = YES;
				CLANG_WARN_ENUM_CONVERSION = YES;
				CLANG_WARN_INFINITE_RECURSION = YES;
				CLANG_WARN_INT_CONVERSION = YES;
				CLANG_WARN_NON_LITERAL_NULL_CONVERSION = YES;
				CLANG_WARN_OBJC_IMPLICIT_RETAIN_SELF = YES;
				CLANG_WARN_OBJC_LITERAL_CONVERSION = YES;
				CLANG_WARN_OBJC_ROOT_CLASS = YES_ERROR;
				CLANG_WARN_QUOTED_INCLUDE_IN_FRAMEWORK_HEADER = YES;
				CLANG_WARN_RANGE_LOOP_ANALYSIS = YES;
				CLANG_WARN_STRICT_PROTOTYPES = YES;
				CLANG_WARN_SUSPICIOUS_MOVE = YES;
				CLANG_WARN_UNGUARDED_AVAILABILITY = YES_AGGRESSIVE;
				CLANG_WARN_UNREACHABLE_CODE = YES;
				CLANG_WARN__DUPLICATE_METHOD_MATCH = YES;
				COPY_PHASE_STRIP = NO;
				DEBUG_INFORMATION_FORMAT = "dwarf-with-dsym";
				ENABLE_NS_ASSERTIONS = NO;
				ENABLE_STRICT_OBJC_MSGSEND = YES;
				GCC_C_LANGUAGE_STANDARD = gnu11;
				GCC_NO_COMMON_BLOCKS = YES;
				GCC_WARN_64_TO_32_BIT_CONVERSION = YES;
				GCC_WARN_ABOUT_RETURN_TYPE = YES_ERROR;
				GCC_WARN_UNDECLARED_SELECTOR = YES;
				GCC_WARN_UNINITIALIZED_AUTOS = YES_AGGRESSIVE;
				GCC_WARN_UNUSED_FUNCTION = YES;
				GCC_WARN_UNUSED_VARIABLE = YES;
				IPHONEOS_DEPLOYMENT_TARGET = 14.3;
				MTL_ENABLE_DEBUG_INFO = NO;
				MTL_FAST_MATH = YES;
				SDKROOT = iphoneos;
				SWIFT_COMPILATION_MODE = wholemodule;
				SWIFT_OPTIMIZATION_LEVEL = "-O";
				VALIDATE_PRODUCT = YES;
			};
			name = Release;
		};
		52DD54AE259C16400017B492 /* Debug */ = {
			isa = XCBuildConfiguration;
			buildSettings = {
				ASSETCATALOG_COMPILER_APPICON_NAME = AppIcon;
				ASSETCATALOG_COMPILER_GLOBAL_ACCENT_COLOR_NAME = AccentColor;
				CODE_SIGN_STYLE = Automatic;
				INFOPLIST_FILE = "Shopping List/Info.plist";
				IPHONEOS_DEPLOYMENT_TARGET = 14.3;
				LD_RUNPATH_SEARCH_PATHS = (
					"$(inherited)",
					"@executable_path/Frameworks",
				);
				PRODUCT_BUNDLE_IDENTIFIER = "de.paolorechia.Shopping-List";
				PRODUCT_NAME = "$(TARGET_NAME)";
				SWIFT_VERSION = 5.0;
				TARGETED_DEVICE_FAMILY = "1,2";
			};
			name = Debug;
		};
		52DD54AF259C16400017B492 /* Release */ = {
			isa = XCBuildConfiguration;
			buildSettings = {
				ASSETCATALOG_COMPILER_APPICON_NAME = AppIcon;
				ASSETCATALOG_COMPILER_GLOBAL_ACCENT_COLOR_NAME = AccentColor;
				CODE_SIGN_STYLE = Automatic;
				INFOPLIST_FILE = "Shopping List/Info.plist";
				IPHONEOS_DEPLOYMENT_TARGET = 14.3;
				LD_RUNPATH_SEARCH_PATHS = (
					"$(inherited)",
					"@executable_path/Frameworks",
				);
				PRODUCT_BUNDLE_IDENTIFIER = "de.paolorechia.Shopping-List";
				PRODUCT_NAME = "$(TARGET_NAME)";
				SWIFT_VERSION = 5.0;
				TARGETED_DEVICE_FAMILY = "1,2";
			};
			name = Release;
		};
		52DD54B1259C16400017B492 /* Debug */ = {
			isa = XCBuildConfiguration;
			buildSettings = {
				ALWAYS_EMBED_SWIFT_STANDARD_LIBRARIES = YES;
				BUNDLE_LOADER = "$(TEST_HOST)";
				CODE_SIGN_STYLE = Automatic;
				INFOPLIST_FILE = "Shopping ListTests/Info.plist";
				IPHONEOS_DEPLOYMENT_TARGET = 14.3;
				LD_RUNPATH_SEARCH_PATHS = (
					"$(inherited)",
					"@executable_path/Frameworks",
					"@loader_path/Frameworks",
				);
				PRODUCT_BUNDLE_IDENTIFIER = "de.paolorechia.Shopping-ListTests";
				PRODUCT_NAME = "$(TARGET_NAME)";
				SWIFT_VERSION = 5.0;
				TARGETED_DEVICE_FAMILY = "1,2";
				TEST_HOST = "$(BUILT_PRODUCTS_DIR)/Shopping List.app/Shopping List";
			};
			name = Debug;
		};
		52DD54B2259C16400017B492 /* Release */ = {
			isa = XCBuildConfiguration;
			buildSettings = {
				ALWAYS_EMBED_SWIFT_STANDARD_LIBRARIES = YES;
				BUNDLE_LOADER = "$(TEST_HOST)";
				CODE_SIGN_STYLE = Automatic;
				INFOPLIST_FILE = "Shopping ListTests/Info.plist";
				IPHONEOS_DEPLOYMENT_TARGET = 14.3;
				LD_RUNPATH_SEARCH_PATHS = (
					"$(inherited)",
					"@executable_path/Frameworks",
					"@loader_path/Frameworks",
				);
				PRODUCT_BUNDLE_IDENTIFIER = "de.paolorechia.Shopping-ListTests";
				PRODUCT_NAME = "$(TARGET_NAME)";
				SWIFT_VERSION = 5.0;
				TARGETED_DEVICE_FAMILY = "1,2";
				TEST_HOST = "$(BUILT_PRODUCTS_DIR)/Shopping List.app/Shopping List";
			};
			name = Release;
		};
		52DD54B4259C16400017B492 /* Debug */ = {
			isa = XCBuildConfiguration;
			buildSettings = {
				ALWAYS_EMBED_SWIFT_STANDARD_LIBRARIES = YES;
				CODE_SIGN_STYLE = Automatic;
				INFOPLIST_FILE = "Shopping ListUITests/Info.plist";
				LD_RUNPATH_SEARCH_PATHS = (
					"$(inherited)",
					"@executable_path/Frameworks",
					"@loader_path/Frameworks",
				);
				PRODUCT_BUNDLE_IDENTIFIER = "de.paolorechia.Shopping-ListUITests";
				PRODUCT_NAME = "$(TARGET_NAME)";
				SWIFT_VERSION = 5.0;
				TARGETED_DEVICE_FAMILY = "1,2";
				TEST_TARGET_NAME = "Shopping List";
			};
			name = Debug;
		};
		52DD54B5259C16400017B492 /* Release */ = {
			isa = XCBuildConfiguration;
			buildSettings = {
				ALWAYS_EMBED_SWIFT_STANDARD_LIBRARIES = YES;
				CODE_SIGN_STYLE = Automatic;
				INFOPLIST_FILE = "Shopping ListUITests/Info.plist";
				LD_RUNPATH_SEARCH_PATHS = (
					"$(inherited)",
					"@executable_path/Frameworks",
					"@loader_path/Frameworks",
				);
				PRODUCT_BUNDLE_IDENTIFIER = "de.paolorechia.Shopping-ListUITests";
				PRODUCT_NAME = "$(TARGET_NAME)";
				SWIFT_VERSION = 5.0;
				TARGETED_DEVICE_FAMILY = "1,2";
				TEST_TARGET_NAME = "Shopping List";
			};
			name = Release;
		};
/* End XCBuildConfiguration section */

/* Begin XCConfigurationList section */
		52DD547E259C163E0017B492 /* Build configuration list for PBXProject "Shopping List" */ = {
			isa = XCConfigurationList;
			buildConfigurations = (
				52DD54AB259C16400017B492 /* Debug */,
				52DD54AC259C16400017B492 /* Release */,
			);
			defaultConfigurationIsVisible = 0;
			defaultConfigurationName = Release;
		};
		52DD54AD259C16400017B492 /* Build configuration list for PBXNativeTarget "Shopping List" */ = {
			isa = XCConfigurationList;
			buildConfigurations = (
				52DD54AE259C16400017B492 /* Debug */,
				52DD54AF259C16400017B492 /* Release */,
			);
			defaultConfigurationIsVisible = 0;
			defaultConfigurationName = Release;
		};
		52DD54B0259C16400017B492 /* Build configuration list for PBXNativeTarget "Shopping ListTests" */ = {
			isa = XCConfigurationList;
			buildConfigurations = (
				52DD54B1259C16400017B492 /* Debug */,
				52DD54B2259C16400017B492 /* Release */,
			);
			defaultConfigurationIsVisible = 0;
			defaultConfigurationName = Release;
		};
		52DD54B3259C16400017B492 /* Build configuration list for PBXNativeTarget "Shopping ListUITests" */ = {
			isa = XCConfigurationList;
			buildConfigurations = (
				52DD54B4259C16400017B492 /* Debug */,
				52DD54B5259C16400017B492 /* Release */,
			);
			defaultConfigurationIsVisible = 0;
			defaultConfigurationName = Release;
		};
/* End XCConfigurationList section */
	};
	rootObject = 52DD547B259C163E0017B492 /* Project object */;
}
