// !$*UTF8*$!
{
	archiveVersion = 1;
	classes = {
	};
	objectVersion = 50;
	objects = {

/* Begin PBXBuildFile section */
		52B7811A25AA244D0061A40B /* ShoppingListApp.swift in Sources */ = {isa = PBXBuildFile; fileRef = 52B7811925AA244D0061A40B /* ShoppingListApp.swift */; };
		52B7811C25AA244D0061A40B /* ContentView.swift in Sources */ = {isa = PBXBuildFile; fileRef = 52B7811B25AA244D0061A40B /* ContentView.swift */; };
		52B7811E25AA244E0061A40B /* Assets.xcassets in Resources */ = {isa = PBXBuildFile; fileRef = 52B7811D25AA244E0061A40B /* Assets.xcassets */; };
		52B7812125AA244E0061A40B /* Preview Assets.xcassets in Resources */ = {isa = PBXBuildFile; fileRef = 52B7812025AA244E0061A40B /* Preview Assets.xcassets */; };
		52B7812325AA244E0061A40B /* Persistence.swift in Sources */ = {isa = PBXBuildFile; fileRef = 52B7812225AA244E0061A40B /* Persistence.swift */; };
		52B7812625AA244E0061A40B /* ShoppingList.xcdatamodeld in Sources */ = {isa = PBXBuildFile; fileRef = 52B7812425AA244E0061A40B /* ShoppingList.xcdatamodeld */; };
		52B7813125AA244F0061A40B /* ShoppingListTests.swift in Sources */ = {isa = PBXBuildFile; fileRef = 52B7813025AA244F0061A40B /* ShoppingListTests.swift */; };
		52B7813C25AA244F0061A40B /* ShoppingListUITests.swift in Sources */ = {isa = PBXBuildFile; fileRef = 52B7813B25AA244F0061A40B /* ShoppingListUITests.swift */; };
		52B7815025AA26CF0061A40B /* ShoppingEvent+CoreDataClass.swift in Sources */ = {isa = PBXBuildFile; fileRef = 52B7814C25AA26CF0061A40B /* ShoppingEvent+CoreDataClass.swift */; };
		52B7815125AA26CF0061A40B /* ShoppingEvent+CoreDataProperties.swift in Sources */ = {isa = PBXBuildFile; fileRef = 52B7814D25AA26CF0061A40B /* ShoppingEvent+CoreDataProperties.swift */; };
		52B7815225AA26CF0061A40B /* ShoppingItem+CoreDataClass.swift in Sources */ = {isa = PBXBuildFile; fileRef = 52B7814E25AA26CF0061A40B /* ShoppingItem+CoreDataClass.swift */; };
		52B7815325AA26CF0061A40B /* ShoppingItem+CoreDataProperties.swift in Sources */ = {isa = PBXBuildFile; fileRef = 52B7814F25AA26CF0061A40B /* ShoppingItem+CoreDataProperties.swift */; };
		52B7816025AA2F680061A40B /* ShoppingListView.swift in Sources */ = {isa = PBXBuildFile; fileRef = 52B7815F25AA2F680061A40B /* ShoppingListView.swift */; };
		52B7816825AA30680061A40B /* MainView.swift in Sources */ = {isa = PBXBuildFile; fileRef = 52B7816725AA30680061A40B /* MainView.swift */; };
		52B7816D25AA308A0061A40B /* HistoryListView.swift in Sources */ = {isa = PBXBuildFile; fileRef = 52B7816C25AA308A0061A40B /* HistoryListView.swift */; };
/* End PBXBuildFile section */

/* Begin PBXContainerItemProxy section */
		52B7812D25AA244F0061A40B /* PBXContainerItemProxy */ = {
			isa = PBXContainerItemProxy;
			containerPortal = 52B7810E25AA244D0061A40B /* Project object */;
			proxyType = 1;
			remoteGlobalIDString = 52B7811525AA244D0061A40B;
			remoteInfo = ShoppingList;
		};
		52B7813825AA244F0061A40B /* PBXContainerItemProxy */ = {
			isa = PBXContainerItemProxy;
			containerPortal = 52B7810E25AA244D0061A40B /* Project object */;
			proxyType = 1;
			remoteGlobalIDString = 52B7811525AA244D0061A40B;
			remoteInfo = ShoppingList;
		};
/* End PBXContainerItemProxy section */

/* Begin PBXFileReference section */
		52B7811625AA244D0061A40B /* ShoppingList.app */ = {isa = PBXFileReference; explicitFileType = wrapper.application; includeInIndex = 0; path = ShoppingList.app; sourceTree = BUILT_PRODUCTS_DIR; };
		52B7811925AA244D0061A40B /* ShoppingListApp.swift */ = {isa = PBXFileReference; lastKnownFileType = sourcecode.swift; path = ShoppingListApp.swift; sourceTree = "<group>"; };
		52B7811B25AA244D0061A40B /* ContentView.swift */ = {isa = PBXFileReference; lastKnownFileType = sourcecode.swift; path = ContentView.swift; sourceTree = "<group>"; };
		52B7811D25AA244E0061A40B /* Assets.xcassets */ = {isa = PBXFileReference; lastKnownFileType = folder.assetcatalog; path = Assets.xcassets; sourceTree = "<group>"; };
		52B7812025AA244E0061A40B /* Preview Assets.xcassets */ = {isa = PBXFileReference; lastKnownFileType = folder.assetcatalog; path = "Preview Assets.xcassets"; sourceTree = "<group>"; };
		52B7812225AA244E0061A40B /* Persistence.swift */ = {isa = PBXFileReference; lastKnownFileType = sourcecode.swift; path = Persistence.swift; sourceTree = "<group>"; };
		52B7812525AA244E0061A40B /* ShoppingList.xcdatamodel */ = {isa = PBXFileReference; lastKnownFileType = wrapper.xcdatamodel; path = ShoppingList.xcdatamodel; sourceTree = "<group>"; };
		52B7812725AA244E0061A40B /* Info.plist */ = {isa = PBXFileReference; lastKnownFileType = text.plist.xml; path = Info.plist; sourceTree = "<group>"; };
		52B7812C25AA244F0061A40B /* ShoppingListTests.xctest */ = {isa = PBXFileReference; explicitFileType = wrapper.cfbundle; includeInIndex = 0; path = ShoppingListTests.xctest; sourceTree = BUILT_PRODUCTS_DIR; };
		52B7813025AA244F0061A40B /* ShoppingListTests.swift */ = {isa = PBXFileReference; lastKnownFileType = sourcecode.swift; path = ShoppingListTests.swift; sourceTree = "<group>"; };
		52B7813225AA244F0061A40B /* Info.plist */ = {isa = PBXFileReference; lastKnownFileType = text.plist.xml; path = Info.plist; sourceTree = "<group>"; };
		52B7813725AA244F0061A40B /* ShoppingListUITests.xctest */ = {isa = PBXFileReference; explicitFileType = wrapper.cfbundle; includeInIndex = 0; path = ShoppingListUITests.xctest; sourceTree = BUILT_PRODUCTS_DIR; };
		52B7813B25AA244F0061A40B /* ShoppingListUITests.swift */ = {isa = PBXFileReference; lastKnownFileType = sourcecode.swift; path = ShoppingListUITests.swift; sourceTree = "<group>"; };
		52B7813D25AA244F0061A40B /* Info.plist */ = {isa = PBXFileReference; lastKnownFileType = text.plist.xml; path = Info.plist; sourceTree = "<group>"; };
		52B7814C25AA26CF0061A40B /* ShoppingEvent+CoreDataClass.swift */ = {isa = PBXFileReference; lastKnownFileType = sourcecode.swift; path = "ShoppingEvent+CoreDataClass.swift"; sourceTree = "<group>"; };
		52B7814D25AA26CF0061A40B /* ShoppingEvent+CoreDataProperties.swift */ = {isa = PBXFileReference; lastKnownFileType = sourcecode.swift; path = "ShoppingEvent+CoreDataProperties.swift"; sourceTree = "<group>"; };
		52B7814E25AA26CF0061A40B /* ShoppingItem+CoreDataClass.swift */ = {isa = PBXFileReference; lastKnownFileType = sourcecode.swift; path = "ShoppingItem+CoreDataClass.swift"; sourceTree = "<group>"; };
		52B7814F25AA26CF0061A40B /* ShoppingItem+CoreDataProperties.swift */ = {isa = PBXFileReference; lastKnownFileType = sourcecode.swift; path = "ShoppingItem+CoreDataProperties.swift"; sourceTree = "<group>"; };
		52B7815F25AA2F680061A40B /* ShoppingListView.swift */ = {isa = PBXFileReference; lastKnownFileType = sourcecode.swift; path = ShoppingListView.swift; sourceTree = "<group>"; };
		52B7816725AA30680061A40B /* MainView.swift */ = {isa = PBXFileReference; lastKnownFileType = sourcecode.swift; path = MainView.swift; sourceTree = "<group>"; };
		52B7816C25AA308A0061A40B /* HistoryListView.swift */ = {isa = PBXFileReference; lastKnownFileType = sourcecode.swift; path = HistoryListView.swift; sourceTree = "<group>"; };
/* End PBXFileReference section */

/* Begin PBXFrameworksBuildPhase section */
		52B7811325AA244D0061A40B /* Frameworks */ = {
			isa = PBXFrameworksBuildPhase;
			buildActionMask = 2147483647;
			files = (
			);
			runOnlyForDeploymentPostprocessing = 0;
		};
		52B7812925AA244F0061A40B /* Frameworks */ = {
			isa = PBXFrameworksBuildPhase;
			buildActionMask = 2147483647;
			files = (
			);
			runOnlyForDeploymentPostprocessing = 0;
		};
		52B7813425AA244F0061A40B /* Frameworks */ = {
			isa = PBXFrameworksBuildPhase;
			buildActionMask = 2147483647;
			files = (
			);
			runOnlyForDeploymentPostprocessing = 0;
		};
/* End PBXFrameworksBuildPhase section */

/* Begin PBXGroup section */
		52B7810D25AA244D0061A40B = {
			isa = PBXGroup;
			children = (
				52B7814C25AA26CF0061A40B /* ShoppingEvent+CoreDataClass.swift */,
				52B7814D25AA26CF0061A40B /* ShoppingEvent+CoreDataProperties.swift */,
				52B7814E25AA26CF0061A40B /* ShoppingItem+CoreDataClass.swift */,
				52B7814F25AA26CF0061A40B /* ShoppingItem+CoreDataProperties.swift */,
				52B7811825AA244D0061A40B /* ShoppingList */,
				52B7812F25AA244F0061A40B /* ShoppingListTests */,
				52B7813A25AA244F0061A40B /* ShoppingListUITests */,
				52B7811725AA244D0061A40B /* Products */,
			);
			sourceTree = "<group>";
		};
		52B7811725AA244D0061A40B /* Products */ = {
			isa = PBXGroup;
			children = (
				52B7811625AA244D0061A40B /* ShoppingList.app */,
				52B7812C25AA244F0061A40B /* ShoppingListTests.xctest */,
				52B7813725AA244F0061A40B /* ShoppingListUITests.xctest */,
			);
			name = Products;
			sourceTree = "<group>";
		};
		52B7811825AA244D0061A40B /* ShoppingList */ = {
			isa = PBXGroup;
			children = (
				52B7815E25AA2F4D0061A40B /* Views */,
				52B7815725AA27180061A40B /* Model */,
				52B7811925AA244D0061A40B /* ShoppingListApp.swift */,
				52B7811D25AA244E0061A40B /* Assets.xcassets */,
				52B7812225AA244E0061A40B /* Persistence.swift */,
				52B7812725AA244E0061A40B /* Info.plist */,
				52B7812425AA244E0061A40B /* ShoppingList.xcdatamodeld */,
				52B7811F25AA244E0061A40B /* Preview Content */,
			);
			path = ShoppingList;
			sourceTree = "<group>";
		};
		52B7811F25AA244E0061A40B /* Preview Content */ = {
			isa = PBXGroup;
			children = (
				52B7812025AA244E0061A40B /* Preview Assets.xcassets */,
			);
			path = "Preview Content";
			sourceTree = "<group>";
		};
		52B7812F25AA244F0061A40B /* ShoppingListTests */ = {
			isa = PBXGroup;
			children = (
				52B7813025AA244F0061A40B /* ShoppingListTests.swift */,
				52B7813225AA244F0061A40B /* Info.plist */,
			);
			path = ShoppingListTests;
			sourceTree = "<group>";
		};
		52B7813A25AA244F0061A40B /* ShoppingListUITests */ = {
			isa = PBXGroup;
			children = (
				52B7813B25AA244F0061A40B /* ShoppingListUITests.swift */,
				52B7813D25AA244F0061A40B /* Info.plist */,
			);
			path = ShoppingListUITests;
			sourceTree = "<group>";
		};
		52B7815725AA27180061A40B /* Model */ = {
			isa = PBXGroup;
			children = (
			);
			path = Model;
			sourceTree = "<group>";
		};
		52B7815E25AA2F4D0061A40B /* Views */ = {
			isa = PBXGroup;
			children = (
				52B7811B25AA244D0061A40B /* ContentView.swift */,
				52B7815F25AA2F680061A40B /* ShoppingListView.swift */,
				52B7816725AA30680061A40B /* MainView.swift */,
				52B7816C25AA308A0061A40B /* HistoryListView.swift */,
			);
			path = Views;
			sourceTree = "<group>";
		};
/* End PBXGroup section */

/* Begin PBXNativeTarget section */
		52B7811525AA244D0061A40B /* ShoppingList */ = {
			isa = PBXNativeTarget;
			buildConfigurationList = 52B7814025AA244F0061A40B /* Build configuration list for PBXNativeTarget "ShoppingList" */;
			buildPhases = (
				52B7811225AA244D0061A40B /* Sources */,
				52B7811325AA244D0061A40B /* Frameworks */,
				52B7811425AA244D0061A40B /* Resources */,
			);
			buildRules = (
			);
			dependencies = (
			);
			name = ShoppingList;
			productName = ShoppingList;
			productReference = 52B7811625AA244D0061A40B /* ShoppingList.app */;
			productType = "com.apple.product-type.application";
		};
		52B7812B25AA244F0061A40B /* ShoppingListTests */ = {
			isa = PBXNativeTarget;
			buildConfigurationList = 52B7814325AA244F0061A40B /* Build configuration list for PBXNativeTarget "ShoppingListTests" */;
			buildPhases = (
				52B7812825AA244F0061A40B /* Sources */,
				52B7812925AA244F0061A40B /* Frameworks */,
				52B7812A25AA244F0061A40B /* Resources */,
			);
			buildRules = (
			);
			dependencies = (
				52B7812E25AA244F0061A40B /* PBXTargetDependency */,
			);
			name = ShoppingListTests;
			productName = ShoppingListTests;
			productReference = 52B7812C25AA244F0061A40B /* ShoppingListTests.xctest */;
			productType = "com.apple.product-type.bundle.unit-test";
		};
		52B7813625AA244F0061A40B /* ShoppingListUITests */ = {
			isa = PBXNativeTarget;
			buildConfigurationList = 52B7814625AA244F0061A40B /* Build configuration list for PBXNativeTarget "ShoppingListUITests" */;
			buildPhases = (
				52B7813325AA244F0061A40B /* Sources */,
				52B7813425AA244F0061A40B /* Frameworks */,
				52B7813525AA244F0061A40B /* Resources */,
			);
			buildRules = (
			);
			dependencies = (
				52B7813925AA244F0061A40B /* PBXTargetDependency */,
			);
			name = ShoppingListUITests;
			productName = ShoppingListUITests;
			productReference = 52B7813725AA244F0061A40B /* ShoppingListUITests.xctest */;
			productType = "com.apple.product-type.bundle.ui-testing";
		};
/* End PBXNativeTarget section */

/* Begin PBXProject section */
		52B7810E25AA244D0061A40B /* Project object */ = {
			isa = PBXProject;
			attributes = {
				LastSwiftUpdateCheck = 1230;
				LastUpgradeCheck = 1230;
				TargetAttributes = {
					52B7811525AA244D0061A40B = {
						CreatedOnToolsVersion = 12.3;
					};
					52B7812B25AA244F0061A40B = {
						CreatedOnToolsVersion = 12.3;
						TestTargetID = 52B7811525AA244D0061A40B;
					};
					52B7813625AA244F0061A40B = {
						CreatedOnToolsVersion = 12.3;
						TestTargetID = 52B7811525AA244D0061A40B;
					};
				};
			};
			buildConfigurationList = 52B7811125AA244D0061A40B /* Build configuration list for PBXProject "ShoppingList" */;
			compatibilityVersion = "Xcode 9.3";
			developmentRegion = en;
			hasScannedForEncodings = 0;
			knownRegions = (
				en,
				Base,
			);
			mainGroup = 52B7810D25AA244D0061A40B;
			productRefGroup = 52B7811725AA244D0061A40B /* Products */;
			projectDirPath = "";
			projectRoot = "";
			targets = (
				52B7811525AA244D0061A40B /* ShoppingList */,
				52B7812B25AA244F0061A40B /* ShoppingListTests */,
				52B7813625AA244F0061A40B /* ShoppingListUITests */,
			);
		};
/* End PBXProject section */

/* Begin PBXResourcesBuildPhase section */
		52B7811425AA244D0061A40B /* Resources */ = {
			isa = PBXResourcesBuildPhase;
			buildActionMask = 2147483647;
			files = (
				52B7812125AA244E0061A40B /* Preview Assets.xcassets in Resources */,
				52B7811E25AA244E0061A40B /* Assets.xcassets in Resources */,
			);
			runOnlyForDeploymentPostprocessing = 0;
		};
		52B7812A25AA244F0061A40B /* Resources */ = {
			isa = PBXResourcesBuildPhase;
			buildActionMask = 2147483647;
			files = (
			);
			runOnlyForDeploymentPostprocessing = 0;
		};
		52B7813525AA244F0061A40B /* Resources */ = {
			isa = PBXResourcesBuildPhase;
			buildActionMask = 2147483647;
			files = (
			);
			runOnlyForDeploymentPostprocessing = 0;
		};
/* End PBXResourcesBuildPhase section */

/* Begin PBXSourcesBuildPhase section */
		52B7811225AA244D0061A40B /* Sources */ = {
			isa = PBXSourcesBuildPhase;
			buildActionMask = 2147483647;
			files = (
				52B7816025AA2F680061A40B /* ShoppingListView.swift in Sources */,
				52B7815025AA26CF0061A40B /* ShoppingEvent+CoreDataClass.swift in Sources */,
				52B7812325AA244E0061A40B /* Persistence.swift in Sources */,
				52B7816825AA30680061A40B /* MainView.swift in Sources */,
				52B7815325AA26CF0061A40B /* ShoppingItem+CoreDataProperties.swift in Sources */,
				52B7812625AA244E0061A40B /* ShoppingList.xcdatamodeld in Sources */,
				52B7811C25AA244D0061A40B /* ContentView.swift in Sources */,
				52B7815125AA26CF0061A40B /* ShoppingEvent+CoreDataProperties.swift in Sources */,
				52B7811A25AA244D0061A40B /* ShoppingListApp.swift in Sources */,
				52B7815225AA26CF0061A40B /* ShoppingItem+CoreDataClass.swift in Sources */,
				52B7816D25AA308A0061A40B /* HistoryListView.swift in Sources */,
			);
			runOnlyForDeploymentPostprocessing = 0;
		};
		52B7812825AA244F0061A40B /* Sources */ = {
			isa = PBXSourcesBuildPhase;
			buildActionMask = 2147483647;
			files = (
				52B7813125AA244F0061A40B /* ShoppingListTests.swift in Sources */,
			);
			runOnlyForDeploymentPostprocessing = 0;
		};
		52B7813325AA244F0061A40B /* Sources */ = {
			isa = PBXSourcesBuildPhase;
			buildActionMask = 2147483647;
			files = (
				52B7813C25AA244F0061A40B /* ShoppingListUITests.swift in Sources */,
			);
			runOnlyForDeploymentPostprocessing = 0;
		};
/* End PBXSourcesBuildPhase section */

/* Begin PBXTargetDependency section */
		52B7812E25AA244F0061A40B /* PBXTargetDependency */ = {
			isa = PBXTargetDependency;
			target = 52B7811525AA244D0061A40B /* ShoppingList */;
			targetProxy = 52B7812D25AA244F0061A40B /* PBXContainerItemProxy */;
		};
		52B7813925AA244F0061A40B /* PBXTargetDependency */ = {
			isa = PBXTargetDependency;
			target = 52B7811525AA244D0061A40B /* ShoppingList */;
			targetProxy = 52B7813825AA244F0061A40B /* PBXContainerItemProxy */;
		};
/* End PBXTargetDependency section */

/* Begin XCBuildConfiguration section */
		52B7813E25AA244F0061A40B /* Debug */ = {
			isa = XCBuildConfiguration;
			buildSettings = {
				ALWAYS_SEARCH_USER_PATHS = NO;
				CLANG_ANALYZER_NONNULL = YES;
				CLANG_ANALYZER_NUMBER_OBJECT_CONVERSION = YES_AGGRESSIVE;
				CLANG_CXX_LANGUAGE_STANDARD = "gnu++14";
				CLANG_CXX_LIBRARY = "libc++";
				CLANG_ENABLE_MODULES = YES;
				CLANG_ENABLE_OBJC_ARC = YES;
				CLANG_ENABLE_OBJC_WEAK = YES;
				CLANG_WARN_BLOCK_CAPTURE_AUTORELEASING = YES;
				CLANG_WARN_BOOL_CONVERSION = YES;
				CLANG_WARN_COMMA = YES;
				CLANG_WARN_CONSTANT_CONVERSION = YES;
				CLANG_WARN_DEPRECATED_OBJC_IMPLEMENTATIONS = YES;
				CLANG_WARN_DIRECT_OBJC_ISA_USAGE = YES_ERROR;
				CLANG_WARN_DOCUMENTATION_COMMENTS = YES;
				CLANG_WARN_EMPTY_BODY = YES;
				CLANG_WARN_ENUM_CONVERSION = YES;
				CLANG_WARN_INFINITE_RECURSION = YES;
				CLANG_WARN_INT_CONVERSION = YES;
				CLANG_WARN_NON_LITERAL_NULL_CONVERSION = YES;
				CLANG_WARN_OBJC_IMPLICIT_RETAIN_SELF = YES;
				CLANG_WARN_OBJC_LITERAL_CONVERSION = YES;
				CLANG_WARN_OBJC_ROOT_CLASS = YES_ERROR;
				CLANG_WARN_QUOTED_INCLUDE_IN_FRAMEWORK_HEADER = YES;
				CLANG_WARN_RANGE_LOOP_ANALYSIS = YES;
				CLANG_WARN_STRICT_PROTOTYPES = YES;
				CLANG_WARN_SUSPICIOUS_MOVE = YES;
				CLANG_WARN_UNGUARDED_AVAILABILITY = YES_AGGRESSIVE;
				CLANG_WARN_UNREACHABLE_CODE = YES;
				CLANG_WARN__DUPLICATE_METHOD_MATCH = YES;
				COPY_PHASE_STRIP = NO;
				DEBUG_INFORMATION_FORMAT = dwarf;
				ENABLE_STRICT_OBJC_MSGSEND = YES;
				ENABLE_TESTABILITY = YES;
				GCC_C_LANGUAGE_STANDARD = gnu11;
				GCC_DYNAMIC_NO_PIC = NO;
				GCC_NO_COMMON_BLOCKS = YES;
				GCC_OPTIMIZATION_LEVEL = 0;
				GCC_PREPROCESSOR_DEFINITIONS = (
					"DEBUG=1",
					"$(inherited)",
				);
				GCC_WARN_64_TO_32_BIT_CONVERSION = YES;
				GCC_WARN_ABOUT_RETURN_TYPE = YES_ERROR;
				GCC_WARN_UNDECLARED_SELECTOR = YES;
				GCC_WARN_UNINITIALIZED_AUTOS = YES_AGGRESSIVE;
				GCC_WARN_UNUSED_FUNCTION = YES;
				GCC_WARN_UNUSED_VARIABLE = YES;
				IPHONEOS_DEPLOYMENT_TARGET = 14.3;
				MTL_ENABLE_DEBUG_INFO = INCLUDE_SOURCE;
				MTL_FAST_MATH = YES;
				ONLY_ACTIVE_ARCH = YES;
				SDKROOT = iphoneos;
				SWIFT_ACTIVE_COMPILATION_CONDITIONS = DEBUG;
				SWIFT_OPTIMIZATION_LEVEL = "-Onone";
			};
			name = Debug;
		};
		52B7813F25AA244F0061A40B /* Release */ = {
			isa = XCBuildConfiguration;
			buildSettings = {
				ALWAYS_SEARCH_USER_PATHS = NO;
				CLANG_ANALYZER_NONNULL = YES;
				CLANG_ANALYZER_NUMBER_OBJECT_CONVERSION = YES_AGGRESSIVE;
				CLANG_CXX_LANGUAGE_STANDARD = "gnu++14";
				CLANG_CXX_LIBRARY = "libc++";
				CLANG_ENABLE_MODULES = YES;
				CLANG_ENABLE_OBJC_ARC = YES;
				CLANG_ENABLE_OBJC_WEAK = YES;
				CLANG_WARN_BLOCK_CAPTURE_AUTORELEASING = YES;
				CLANG_WARN_BOOL_CONVERSION = YES;
				CLANG_WARN_COMMA = YES;
				CLANG_WARN_CONSTANT_CONVERSION = YES;
				CLANG_WARN_DEPRECATED_OBJC_IMPLEMENTATIONS = YES;
				CLANG_WARN_DIRECT_OBJC_ISA_USAGE = YES_ERROR;
				CLANG_WARN_DOCUMENTATION_COMMENTS = YES;
				CLANG_WARN_EMPTY_BODY = YES;
				CLANG_WARN_ENUM_CONVERSION = YES;
				CLANG_WARN_INFINITE_RECURSION = YES;
				CLANG_WARN_INT_CONVERSION = YES;
				CLANG_WARN_NON_LITERAL_NULL_CONVERSION = YES;
				CLANG_WARN_OBJC_IMPLICIT_RETAIN_SELF = YES;
				CLANG_WARN_OBJC_LITERAL_CONVERSION = YES;
				CLANG_WARN_OBJC_ROOT_CLASS = YES_ERROR;
				CLANG_WARN_QUOTED_INCLUDE_IN_FRAMEWORK_HEADER = YES;
				CLANG_WARN_RANGE_LOOP_ANALYSIS = YES;
				CLANG_WARN_STRICT_PROTOTYPES = YES;
				CLANG_WARN_SUSPICIOUS_MOVE = YES;
				CLANG_WARN_UNGUARDED_AVAILABILITY = YES_AGGRESSIVE;
				CLANG_WARN_UNREACHABLE_CODE = YES;
				CLANG_WARN__DUPLICATE_METHOD_MATCH = YES;
				COPY_PHASE_STRIP = NO;
				DEBUG_INFORMATION_FORMAT = "dwarf-with-dsym";
				ENABLE_NS_ASSERTIONS = NO;
				ENABLE_STRICT_OBJC_MSGSEND = YES;
				GCC_C_LANGUAGE_STANDARD = gnu11;
				GCC_NO_COMMON_BLOCKS = YES;
				GCC_WARN_64_TO_32_BIT_CONVERSION = YES;
				GCC_WARN_ABOUT_RETURN_TYPE = YES_ERROR;
				GCC_WARN_UNDECLARED_SELECTOR = YES;
				GCC_WARN_UNINITIALIZED_AUTOS = YES_AGGRESSIVE;
				GCC_WARN_UNUSED_FUNCTION = YES;
				GCC_WARN_UNUSED_VARIABLE = YES;
				IPHONEOS_DEPLOYMENT_TARGET = 14.3;
				MTL_ENABLE_DEBUG_INFO = NO;
				MTL_FAST_MATH = YES;
				SDKROOT = iphoneos;
				SWIFT_COMPILATION_MODE = wholemodule;
				SWIFT_OPTIMIZATION_LEVEL = "-O";
				VALIDATE_PRODUCT = YES;
			};
			name = Release;
		};
		52B7814125AA244F0061A40B /* Debug */ = {
			isa = XCBuildConfiguration;
			buildSettings = {
				ASSETCATALOG_COMPILER_APPICON_NAME = AppIcon;
				ASSETCATALOG_COMPILER_GLOBAL_ACCENT_COLOR_NAME = AccentColor;
				CODE_SIGN_STYLE = Automatic;
				DEVELOPMENT_ASSET_PATHS = "\"ShoppingList/Preview Content\"";
				ENABLE_PREVIEWS = YES;
				INFOPLIST_FILE = ShoppingList/Info.plist;
				IPHONEOS_DEPLOYMENT_TARGET = 14.0;
				LD_RUNPATH_SEARCH_PATHS = (
					"$(inherited)",
					"@executable_path/Frameworks",
				);
				PRODUCT_BUNDLE_IDENTIFIER = de.paolorechia.ShoppingList;
				PRODUCT_NAME = "$(TARGET_NAME)";
				SWIFT_VERSION = 5.0;
				TARGETED_DEVICE_FAMILY = "1,2";
			};
			name = Debug;
		};
		52B7814225AA244F0061A40B /* Release */ = {
			isa = XCBuildConfiguration;
			buildSettings = {
				ASSETCATALOG_COMPILER_APPICON_NAME = AppIcon;
				ASSETCATALOG_COMPILER_GLOBAL_ACCENT_COLOR_NAME = AccentColor;
				CODE_SIGN_STYLE = Automatic;
				DEVELOPMENT_ASSET_PATHS = "\"ShoppingList/Preview Content\"";
				ENABLE_PREVIEWS = YES;
				INFOPLIST_FILE = ShoppingList/Info.plist;
				IPHONEOS_DEPLOYMENT_TARGET = 14.0;
				LD_RUNPATH_SEARCH_PATHS = (
					"$(inherited)",
					"@executable_path/Frameworks",
				);
				PRODUCT_BUNDLE_IDENTIFIER = de.paolorechia.ShoppingList;
				PRODUCT_NAME = "$(TARGET_NAME)";
				SWIFT_VERSION = 5.0;
				TARGETED_DEVICE_FAMILY = "1,2";
			};
			name = Release;
		};
		52B7814425AA244F0061A40B /* Debug */ = {
			isa = XCBuildConfiguration;
			buildSettings = {
				ALWAYS_EMBED_SWIFT_STANDARD_LIBRARIES = YES;
				BUNDLE_LOADER = "$(TEST_HOST)";
				CODE_SIGN_STYLE = Automatic;
				INFOPLIST_FILE = ShoppingListTests/Info.plist;
				IPHONEOS_DEPLOYMENT_TARGET = 14.0;
				LD_RUNPATH_SEARCH_PATHS = (
					"$(inherited)",
					"@executable_path/Frameworks",
					"@loader_path/Frameworks",
				);
				PRODUCT_BUNDLE_IDENTIFIER = de.paolorechia.ShoppingListTests;
				PRODUCT_NAME = "$(TARGET_NAME)";
				SWIFT_VERSION = 5.0;
				TARGETED_DEVICE_FAMILY = "1,2";
				TEST_HOST = "$(BUILT_PRODUCTS_DIR)/ShoppingList.app/ShoppingList";
			};
			name = Debug;
		};
		52B7814525AA244F0061A40B /* Release */ = {
			isa = XCBuildConfiguration;
			buildSettings = {
				ALWAYS_EMBED_SWIFT_STANDARD_LIBRARIES = YES;
				BUNDLE_LOADER = "$(TEST_HOST)";
				CODE_SIGN_STYLE = Automatic;
				INFOPLIST_FILE = ShoppingListTests/Info.plist;
				IPHONEOS_DEPLOYMENT_TARGET = 14.0;
				LD_RUNPATH_SEARCH_PATHS = (
					"$(inherited)",
					"@executable_path/Frameworks",
					"@loader_path/Frameworks",
				);
				PRODUCT_BUNDLE_IDENTIFIER = de.paolorechia.ShoppingListTests;
				PRODUCT_NAME = "$(TARGET_NAME)";
				SWIFT_VERSION = 5.0;
				TARGETED_DEVICE_FAMILY = "1,2";
				TEST_HOST = "$(BUILT_PRODUCTS_DIR)/ShoppingList.app/ShoppingList";
			};
			name = Release;
		};
		52B7814725AA244F0061A40B /* Debug */ = {
			isa = XCBuildConfiguration;
			buildSettings = {
				ALWAYS_EMBED_SWIFT_STANDARD_LIBRARIES = YES;
				CODE_SIGN_STYLE = Automatic;
				INFOPLIST_FILE = ShoppingListUITests/Info.plist;
				LD_RUNPATH_SEARCH_PATHS = (
					"$(inherited)",
					"@executable_path/Frameworks",
					"@loader_path/Frameworks",
				);
				PRODUCT_BUNDLE_IDENTIFIER = de.paolorechia.ShoppingListUITests;
				PRODUCT_NAME = "$(TARGET_NAME)";
				SWIFT_VERSION = 5.0;
				TARGETED_DEVICE_FAMILY = "1,2";
				TEST_TARGET_NAME = ShoppingList;
			};
			name = Debug;
		};
		52B7814825AA244F0061A40B /* Release */ = {
			isa = XCBuildConfiguration;
			buildSettings = {
				ALWAYS_EMBED_SWIFT_STANDARD_LIBRARIES = YES;
				CODE_SIGN_STYLE = Automatic;
				INFOPLIST_FILE = ShoppingListUITests/Info.plist;
				LD_RUNPATH_SEARCH_PATHS = (
					"$(inherited)",
					"@executable_path/Frameworks",
					"@loader_path/Frameworks",
				);
				PRODUCT_BUNDLE_IDENTIFIER = de.paolorechia.ShoppingListUITests;
				PRODUCT_NAME = "$(TARGET_NAME)";
				SWIFT_VERSION = 5.0;
				TARGETED_DEVICE_FAMILY = "1,2";
				TEST_TARGET_NAME = ShoppingList;
			};
			name = Release;
		};
/* End XCBuildConfiguration section */

/* Begin XCConfigurationList section */
		52B7811125AA244D0061A40B /* Build configuration list for PBXProject "ShoppingList" */ = {
			isa = XCConfigurationList;
			buildConfigurations = (
				52B7813E25AA244F0061A40B /* Debug */,
				52B7813F25AA244F0061A40B /* Release */,
			);
			defaultConfigurationIsVisible = 0;
			defaultConfigurationName = Release;
		};
		52B7814025AA244F0061A40B /* Build configuration list for PBXNativeTarget "ShoppingList" */ = {
			isa = XCConfigurationList;
			buildConfigurations = (
				52B7814125AA244F0061A40B /* Debug */,
				52B7814225AA244F0061A40B /* Release */,
			);
			defaultConfigurationIsVisible = 0;
			defaultConfigurationName = Release;
		};
		52B7814325AA244F0061A40B /* Build configuration list for PBXNativeTarget "ShoppingListTests" */ = {
			isa = XCConfigurationList;
			buildConfigurations = (
				52B7814425AA244F0061A40B /* Debug */,
				52B7814525AA244F0061A40B /* Release */,
			);
			defaultConfigurationIsVisible = 0;
			defaultConfigurationName = Release;
		};
		52B7814625AA244F0061A40B /* Build configuration list for PBXNativeTarget "ShoppingListUITests" */ = {
			isa = XCConfigurationList;
			buildConfigurations = (
				52B7814725AA244F0061A40B /* Debug */,
				52B7814825AA244F0061A40B /* Release */,
			);
			defaultConfigurationIsVisible = 0;
			defaultConfigurationName = Release;
		};
/* End XCConfigurationList section */

/* Begin XCVersionGroup section */
		52B7812425AA244E0061A40B /* ShoppingList.xcdatamodeld */ = {
			isa = XCVersionGroup;
			children = (
				52B7812525AA244E0061A40B /* ShoppingList.xcdatamodel */,
			);
			currentVersion = 52B7812525AA244E0061A40B /* ShoppingList.xcdatamodel */;
			path = ShoppingList.xcdatamodeld;
			sourceTree = "<group>";
			versionGroupType = wrapper.xcdatamodel;
		};
/* End XCVersionGroup section */
	};
	rootObject = 52B7810E25AA244D0061A40B /* Project object */;
}
